
Microsoft Visual Studio Solution File, Format Version 12.00
# Visual Studio Version 17
VisualStudioVersion = 17.9.34607.119
MinimumVisualStudioVersion = 10.0.40219.1
Project("{9A19103F-16F7-4668-BE54-9A1E7A4F7556}") = "IdentityHub", "src\IdentityHub\IdentityHub.csproj", "{19FA8D29-FF08-4439-BAE3-8B7231224DDA}"
EndProject
Global
	GlobalSection(SolutionConfigurationPlatforms) = preSolution
		Debug|Any CPU = Debug|Any CPU
		Release|Any CPU = Release|Any CPU
	EndGlobalSection
	GlobalSection(ProjectConfigurationPlatforms) = postSolution
		{19FA8D29-FF08-4439-BAE3-8B7231224DDA}.Debug|Any CPU.ActiveCfg = Debug|Any CPU
		{19FA8D29-FF08-4439-BAE3-8B7231224DDA}.Debug|Any CPU.Build.0 = Debug|Any CPU
		{19FA8D29-FF08-4439-BAE3-8B7231224DDA}.Release|Any CPU.ActiveCfg = Release|Any CPU
		{19FA8D29-FF08-4439-BAE3-8B7231224DDA}.Release|Any CPU.Build.0 = Release|Any CPU
	EndGlobalSection
	GlobalSection(SolutionProperties) = preSolution
		HideSolutionNode = FALSE
	EndGlobalSection
	GlobalSection(ExtensibilityGlobals) = postSolution
		SolutionGuid = {49E627F4-0184-4B50-8A92-03CED43FA75C}
	EndGlobalSection
EndGlobal
